{
  "name": "session-search",
  "version": "0.1.0",
  "lockfileVersion": 3,
  "requires": true,
  "packages": {
    "": {
      "name": "session-search",
      "version": "0.1.0",
      "dependencies": {
        "@ff-labs/fff-node": "^0.8.0"
      }
    },
    "node_modules/@ff-labs/fff-bin-darwin-arm64": {
      "version": "0.8.4",
      "resolved": "https://registry.npmjs.org/@ff-labs/fff-bin-darwin-arm64/-/fff-bin-darwin-arm64-0.8.4.tgz",
      "integrity": "sha512-B2l9Io2LEb++q96tvt2/wkx78wMnmWY6pTSi5HpIskSNlCQu0nEOGPSYjfDji7DvQs2IIFMboaamzLiHm6A7NA==",
      "cpu": [
        "arm64"
      ],
      "license": "MIT",
      "optional": true,
      "os": [
        "darwin"
      ]
    },
    "node_modules/@ff-labs/fff-bin-darwin-x64": {
      "version": "0.8.4",
      "resolved": "https://registry.npmjs.org/@ff-labs/fff-bin-darwin-x64/-/fff-bin-darwin-x64-0.8.4.tgz",
      "integrity": "sha512-xwF9uCot/neZ0cXv4WtAKLDGLKoM+CU04OqSG8btH3jD2QmaBvGy10GRcQzuREI86BfbiQ4FJxK7TNZNACdfug==",
      "cpu": [
        "x64"
      ],
      "license": "MIT",
      "optional": true,
      "os": [
        "darwin"
      ]
    },
    "node_modules/@ff-labs/fff-bin-linux-arm64-gnu": {
      "version": "0.8.4",
      "resolved": "https://registry.npmjs.org/@ff-labs/fff-bin-linux-arm64-gnu/-/fff-bin-linux-arm64-gnu-0.8.4.tgz",
      "integrity": "sha512-Dj1+093/FQyeV90zEwAePkCrVa2JysBP9YxcF2sakR1vd0Q+kze2HTowPHu4LuGUXIwKUVpiWzIXjmUDq75h2g==",
      "cpu": [
        "arm64"
      ],
      "libc": [
        "glibc"
      ],
      "license": "MIT",
      "optional": true,
      "os": [
        "linux"
      ]
    },
    "node_modules/@ff-labs/fff-bin-linux-arm64-musl": {
      "version": "0.8.4",
      "resolved": "https://registry.npmjs.org/@ff-labs/fff-bin-linux-arm64-musl/-/fff-bin-linux-arm64-musl-0.8.4.tgz",
      "integrity": "sha512-GWZFzwaUNDza94Dj7akcipg+PLevWgz4QiD3i4/xsD3v0YVMlwUW9xq8F0eRqut6oIyuAnYUxh3fGmCD4mMueg==",
      "cpu": [
        "arm64"
      ],
      "libc": [
        "musl"
      ],
      "license": "MIT",
      "optional": true,
      "os": [
        "linux"
      ]
    },
    "node_modules/@ff-labs/fff-bin-linux-x64-gnu": {
      "version": "0.8.4",
      "resolved": "https://registry.npmjs.org/@ff-labs/fff-bin-linux-x64-gnu/-/fff-bin-linux-x64-gnu-0.8.4.tgz",
      "integrity": "sha512-plfvMH1DQRJ2kdpqLkKg8qhtgCyhUltKFxF6dqf1XEaei2MT93LvxC8TnYEHfHWGDkX81ouLHkz6ipryWKJ4sQ==",
      "cpu": [
        "x64"
      ],
      "libc": [
        "glibc"
      ],
      "license": "MIT",
      "optional": true,
      "os": [
        "linux"
      ]
    },
    "node_modules/@ff-labs/fff-bin-linux-x64-musl": {
      "version": "0.8.4",
      "resolved": "https://registry.npmjs.org/@ff-labs/fff-bin-linux-x64-musl/-/fff-bin-linux-x64-musl-0.8.4.tgz",
      "integrity": "sha512-W1PtXbaA4c4MxgomEtOmi9Q8gaGRcaXP6plQurqPd/cQUnFiBG5B2VV++J+rI9b/z9Ubpm3hyj0PCYNvn7qVnw==",
      "cpu": [
        "x64"
      ],
      "libc": [
        "musl"
      ],
      "license": "MIT",
      "optional": true,
      "os": [
        "linux"
      ]
    },
    "node_modules/@ff-labs/fff-bin-win32-arm64": {
      "version": "0.8.4",
      "resolved": "https://registry.npmjs.org/@ff-labs/fff-bin-win32-arm64/-/fff-bin-win32-arm64-0.8.4.tgz",
      "integrity": "sha512-rcDyuGoLkyfQCYA1/S5EgeS1s7QwFPXR6UV5QuuNCmUPccosHhPKNpOAxc8u9ZsQemahjTIcbpG+U8X0LKLd4w==",
      "cpu": [
        "arm64"
      ],
      "license": "MIT",
      "optional": true,
      "os": [
        "win32"
      ]
    },
    "node_modules/@ff-labs/fff-bin-win32-x64": {
      "version": "0.8.4",
      "resolved": "https://registry.npmjs.org/@ff-labs/fff-bin-win32-x64/-/fff-bin-win32-x64-0.8.4.tgz",
      "integrity": "sha512-sQuJGaqgUB1R818WuanRoLh3wFAEGrKkP0ZeCYj8o5XJIfEcIkZ9X8/u3H2P6qCNe+1C2065//r3wjKYSDfTiQ==",
      "cpu": [
        "x64"
      ],
      "license": "MIT",
      "optional": true,
      "os": [
        "win32"
      ]
    },
    "node_modules/@ff-labs/fff-node": {
      "version": "0.8.4",
      "resolved": "https://registry.npmjs.org/@ff-labs/fff-node/-/fff-node-0.8.4.tgz",
      "integrity": "sha512-jWPtLjYqOcg2UNxP/SiDwXD688NdOU9A1wVgGTScjudhdtNUNkC8s225O1+FMDVxYT5uNPIRtPEndFa3pM6Zcg==",
      "cpu": [
        "x64",
        "arm64"
      ],
      "license": "MIT",
      "os": [
        "darwin",
        "linux",
        "win32"
      ],
      "dependencies": {
        "ffi-rs": "^1.0.0"
      },
      "engines": {
        "node": ">=18.0.0"
      },
      "optionalDependencies": {
        "@ff-labs/fff-bin-darwin-arm64": "0.8.4",
        "@ff-labs/fff-bin-darwin-x64": "0.8.4",
        "@ff-labs/fff-bin-linux-arm64-gnu": "0.8.4",
        "@ff-labs/fff-bin-linux-arm64-musl": "0.8.4",
        "@ff-labs/fff-bin-linux-x64-gnu": "0.8.4",
        "@ff-labs/fff-bin-linux-x64-musl": "0.8.4",
        "@ff-labs/fff-bin-win32-arm64": "0.8.4",
        "@ff-labs/fff-bin-win32-x64": "0.8.4"
      }
    },
    "node_modules/@yuuang/ffi-rs-android-arm64": {
      "version": "1.3.4",
      "resolved": "https://registry.npmjs.org/@yuuang/ffi-rs-android-arm64/-/ffi-rs-android-arm64-1.3.4.tgz",
      "integrity": "sha512-2ywkkOk1j1lbcYyaH9KeyR7i2Qtq4gDfnkmhF5vlRGnwve1j5RWH2ZlF3990raEx6OLophke/JXfUGQL9Dy0ig==",
      "cpu": [
        "arm64"
      ],
      "license": "MIT",
      "optional": true,
      "os": [
        "android"
      ],
      "engines": {
        "node": ">= 12"
      }
    },
    "node_modules/@yuuang/ffi-rs-darwin-arm64": {
      "version": "1.3.4",
      "resolved": "https://registry.npmjs.org/@yuuang/ffi-rs-darwin-arm64/-/ffi-rs-darwin-arm64-1.3.4.tgz",
      "integrity": "sha512-FEogaqNfk9yI9szLebGW9JR/OAwMZ+vkeHVhpcZBvRWTce5IA7mfZorY2KhzP+SEjz4F5q5+fFr6GzHzm/gxvQ==",
      "cpu": [
        "arm64"
      ],
      "license": "MIT",
      "optional": true,
      "os": [
        "darwin"
      ],
      "engines": {
        "node": ">= 12"
      }
    },
    "node_modules/@yuuang/ffi-rs-darwin-x64": {
      "version": "1.3.4",
      "resolved": "https://registry.npmjs.org/@yuuang/ffi-rs-darwin-x64/-/ffi-rs-darwin-x64-1.3.4.tgz",
      "integrity": "sha512-JuEPUOsE7qz6o4kSKgX+KymzSFUvyafpGykVbvm9+11Gx/fQy1lzrYkg2VdI70ctM3mjWARGpcaVZlCyPZVRvg==",
      "cpu": [
        "x64"
      ],
      "license": "MIT",
      "optional": true,
      "os": [
        "darwin"
      ],
      "engines": {
        "node": ">= 12"
      }
    },
    "node_modules/@yuuang/ffi-rs-linux-arm-gnueabihf": {
      "version": "1.3.4",
      "resolved": "https://registry.npmjs.org/@yuuang/ffi-rs-linux-arm-gnueabihf/-/ffi-rs-linux-arm-gnueabihf-1.3.4.tgz",
      "integrity": "sha512-9Alv4r8uZ/kZN6PKqIUoqrtWcpOD/iq3R/w31dEM2aQ8XaftZVD5oANO8IP9lFROb8QmJwDpyW1mfG1GQ0WJjA==",
      "cpu": [
        "arm"
      ],
      "license": "MIT",
      "optional": true,
      "os": [
        "linux"
      ],
      "engines": {
        "node": ">= 12"
      }
    },
    "node_modules/@yuuang/ffi-rs-linux-arm64-gnu": {
      "version": "1.3.4",
      "resolved": "https://registry.npmjs.org/@yuuang/ffi-rs-linux-arm64-gnu/-/ffi-rs-linux-arm64-gnu-1.3.4.tgz",
      "integrity": "sha512-iconeq2sjAgPn9RyLhfnjawaepeaj8o9EdSI4fg3y92dr0Tbjkr2KjNREgloLN1Jw5BGPt89/sJsDqBWLZP8Rg==",
      "cpu": [
        "arm64"
      ],
      "libc": [
        "glibc"
      ],
      "license": "MIT",
      "optional": true,
      "os": [
        "linux"
      ],
      "engines": {
        "node": ">= 12"
      }
    },
    "node_modules/@yuuang/ffi-rs-linux-arm64-musl": {
      "version": "1.3.4",
      "resolved": "https://registry.npmjs.org/@yuuang/ffi-rs-linux-arm64-musl/-/ffi-rs-linux-arm64-musl-1.3.4.tgz",
      "integrity": "sha512-ptjhnk2M0QTWaKq59wCR4mZ6LeRFOEXmsybp/SOHn5OZ8XYZLnv5FqSGHLPeJp2WvwzhS8SNjn/A2XmHfF3vow==",
      "cpu": [
        "arm64"
      ],
      "libc": [
        "musl"
      ],
      "license": "MIT",
      "optional": true,
      "os": [
        "linux"
      ],
      "engines": {
        "node": ">= 12"
      }
    },
    "node_modules/@yuuang/ffi-rs-linux-x64-gnu": {
      "version": "1.3.4",
      "resolved": "https://registry.npmjs.org/@yuuang/ffi-rs-linux-x64-gnu/-/ffi-rs-linux-x64-gnu-1.3.4.tgz",
      "integrity": "sha512-TM0nfjruTuipNbksyV3iKvMKFeIHNI15tpPuqOzndcVi1Ms1I4tEAyi0gYTFjXUtcjSwBdjhztmIYphStRLVug==",
      "cpu": [
        "x64"
      ],
      "libc": [
        "glibc"
      ],
      "license": "MIT",
      "optional": true,
      "os": [
        "linux"
      ],
      "engines": {
        "node": ">= 12"
      }
    },
    "node_modules/@yuuang/ffi-rs-linux-x64-musl": {
      "version": "1.3.4",
      "resolved": "https://registry.npmjs.org/@yuuang/ffi-rs-linux-x64-musl/-/ffi-rs-linux-x64-musl-1.3.4.tgz",
      "integrity": "sha512-aKPSWXoEutWw8et4dhp4tq3x7FOg3C2mBT4gJr/cJxE/vcGxFKCsg3HjKNi3D1BwSZqh0bGuniZCFrde2DpkkA==",
      "cpu": [
        "x64"
      ],
      "libc": [
        "musl"
      ],
      "license": "MIT",
      "optional": true,
      "os": [
        "linux"
      ],
      "engines": {
        "node": ">= 12"
      }
    },
    "node_modules/@yuuang/ffi-rs-win32-arm64-msvc": {
      "version": "1.3.4",
      "resolved": "https://registry.npmjs.org/@yuuang/ffi-rs-win32-arm64-msvc/-/ffi-rs-win32-arm64-msvc-1.3.4.tgz",
      "integrity": "sha512-hJndCj9xEosRw9Xn02IwzfXy8tgXvspJT5Qhpld9xXDFZyY0wYKxxO2VZhJNiIuX9vuEUgqeVvfCp5EeTpom1Q==",
      "cpu": [
        "arm64"
      ],
      "license": "MIT",
      "optional": true,
      "os": [
        "win32"
      ],
      "engines": {
        "node": ">= 12"
      }
    },
    "node_modules/@yuuang/ffi-rs-win32-ia32-msvc": {
      "version": "1.3.4",
      "resolved": "https://registry.npmjs.org/@yuuang/ffi-rs-win32-ia32-msvc/-/ffi-rs-win32-ia32-msvc-1.3.4.tgz",
      "integrity": "sha512-tXowkiiq3mdnK8CtgSWKQ1dRLJvF0d1pd4qomIl8Pv1To1SWATZ20lag3sXv19+utdrwInWvCi4NjHDmN92Y1A==",
      "cpu": [
        "x64",
        "ia32"
      ],
      "license": "MIT",
      "optional": true,
      "os": [
        "win32"
      ],
      "engines": {
        "node": ">= 12"
      }
    },
    "node_modules/@yuuang/ffi-rs-win32-x64-msvc": {
      "version": "1.3.4",
      "resolved": "https://registry.npmjs.org/@yuuang/ffi-rs-win32-x64-msvc/-/ffi-rs-win32-x64-msvc-1.3.4.tgz",
      "integrity": "sha512-Kxr2Z2EU2Lutl7hBYrs90/s0lQ6OWavscVu62Bx4gckg+DdxZaQuxHRktdL5ITH7tdUewj3OqkcUNZXCvGCe0Q==",
      "cpu": [
        "x64"
      ],
      "license": "MIT",
      "optional": true,
      "os": [
        "win32"
      ],
      "engines": {
        "node": ">= 12"
      }
    },
    "node_modules/ffi-rs": {
      "version": "1.3.4",
      "resolved": "https://registry.npmjs.org/ffi-rs/-/ffi-rs-1.3.4.tgz",
      "integrity": "sha512-rUX011WXszmHHmu/HO5CZQCscU+poR4tPrrTO+M1ePbq2QIptpklpr/Fujc8GBuILNXBdxVRsn+Kfp3uihsHFw==",
      "license": "MIT",
      "optionalDependencies": {
        "@yuuang/ffi-rs-android-arm64": "1.3.4",
        "@yuuang/ffi-rs-darwin-arm64": "1.3.4",
        "@yuuang/ffi-rs-darwin-x64": "1.3.4",
        "@yuuang/ffi-rs-linux-arm-gnueabihf": "1.3.4",
        "@yuuang/ffi-rs-linux-arm64-gnu": "1.3.4",
        "@yuuang/ffi-rs-linux-arm64-musl": "1.3.4",
        "@yuuang/ffi-rs-linux-x64-gnu": "1.3.4",
        "@yuuang/ffi-rs-linux-x64-musl": "1.3.4",
        "@yuuang/ffi-rs-win32-arm64-msvc": "1.3.4",
        "@yuuang/ffi-rs-win32-ia32-msvc": "1.3.4",
        "@yuuang/ffi-rs-win32-x64-msvc": "1.3.4"
      }
    }
  }
}
